
Microsoft Visual Studio Solution File, Format Version 12.00
# Visual Studio Version 17
VisualStudioVersion = 17.13.35919.96
MinimumVisualStudioVersion = 10.0.40219.1
Project("{54A90642-561A-4BB1-A94E-469ADEE60C69}") = "rentacar.client", "rentacar.client\rentacar.client.esproj", "{B4BE1518-D915-3617-4A26-4B20ECFB1DF5}"
EndProject
Project("{FAE04EC0-301F-11D3-BF4B-00C04F79EFBC}") = "RentACar.Server", "RentACar.Server\RentACar.Server.csproj", "{82060E74-9AFB-4EA4-A9C0-3CD4FF81A352}"
EndProject
Project("{FAE04EC0-301F-11D3-BF4B-00C04F79EFBC}") = "RentACar.Infrastructure", "RentACar.Infrastructure\RentACar.Infrastructure.csproj", "{1CCF1EAD-D387-4099-95BC-F9522D09B36C}"
EndProject
Project("{FAE04EC0-301F-11D3-BF4B-00C04F79EFBC}") = "RentACar.Domain", "RentACar.Domain\RentACar.Domain.csproj", "{61796115-A45A-4A23-B9FA-8EA013330825}"
EndProject
Project("{FAE04EC0-301F-11D3-BF4B-00C04F79EFBC}") = "RentACar.Application", "RentACar.Application\RentACar.Application.csproj", "{F6866891-0CD8-4FB2-9E95-76C866456327}"
EndProject
Global
	GlobalSection(SolutionConfigurationPlatforms) = preSolution
		Debug|Any CPU = Debug|Any CPU
		Release|Any CPU = Release|Any CPU
	EndGlobalSection
	GlobalSection(ProjectConfigurationPlatforms) = postSolution
		{B4BE1518-D915-3617-4A26-4B20ECFB1DF5}.Debug|Any CPU.ActiveCfg = Debug|Any CPU
		{B4BE1518-D915-3617-4A26-4B20ECFB1DF5}.Debug|Any CPU.Build.0 = Debug|Any CPU
		{B4BE1518-D915-3617-4A26-4B20ECFB1DF5}.Debug|Any CPU.Deploy.0 = Debug|Any CPU
		{B4BE1518-D915-3617-4A26-4B20ECFB1DF5}.Release|Any CPU.ActiveCfg = Release|Any CPU
		{B4BE1518-D915-3617-4A26-4B20ECFB1DF5}.Release|Any CPU.Build.0 = Release|Any CPU
		{B4BE1518-D915-3617-4A26-4B20ECFB1DF5}.Release|Any CPU.Deploy.0 = Release|Any CPU
		{82060E74-9AFB-4EA4-A9C0-3CD4FF81A352}.Debug|Any CPU.ActiveCfg = Debug|Any CPU
		{82060E74-9AFB-4EA4-A9C0-3CD4FF81A352}.Debug|Any CPU.Build.0 = Debug|Any CPU
		{82060E74-9AFB-4EA4-A9C0-3CD4FF81A352}.Release|Any CPU.ActiveCfg = Release|Any CPU
		{82060E74-9AFB-4EA4-A9C0-3CD4FF81A352}.Release|Any CPU.Build.0 = Release|Any CPU
		{1CCF1EAD-D387-4099-95BC-F9522D09B36C}.Debug|Any CPU.ActiveCfg = Debug|Any CPU
		{1CCF1EAD-D387-4099-95BC-F9522D09B36C}.Debug|Any CPU.Build.0 = Debug|Any CPU
		{1CCF1EAD-D387-4099-95BC-F9522D09B36C}.Release|Any CPU.ActiveCfg = Release|Any CPU
		{1CCF1EAD-D387-4099-95BC-F9522D09B36C}.Release|Any CPU.Build.0 = Release|Any CPU
		{61796115-A45A-4A23-B9FA-8EA013330825}.Debug|Any CPU.ActiveCfg = Debug|Any CPU
		{61796115-A45A-4A23-B9FA-8EA013330825}.Debug|Any CPU.Build.0 = Debug|Any CPU
		{61796115-A45A-4A23-B9FA-8EA013330825}.Release|Any CPU.ActiveCfg = Release|Any CPU
		{61796115-A45A-4A23-B9FA-8EA013330825}.Release|Any CPU.Build.0 = Release|Any CPU
		{F6866891-0CD8-4FB2-9E95-76C866456327}.Debug|Any CPU.ActiveCfg = Debug|Any CPU
		{F6866891-0CD8-4FB2-9E95-76C866456327}.Debug|Any CPU.Build.0 = Debug|Any CPU
		{F6866891-0CD8-4FB2-9E95-76C866456327}.Release|Any CPU.ActiveCfg = Release|Any CPU
		{F6866891-0CD8-4FB2-9E95-76C866456327}.Release|Any CPU.Build.0 = Release|Any CPU
	EndGlobalSection
	GlobalSection(SolutionProperties) = preSolution
		HideSolutionNode = FALSE
	EndGlobalSection
	GlobalSection(ExtensibilityGlobals) = postSolution
		SolutionGuid = {81725248-DB91-4707-BB5F-34ACFC4FF629}
	EndGlobalSection
EndGlobal
